// !$*UTF8*$!
{
	archiveVersion = 1;
	classes = {
	};
	objectVersion = 56;
	objects = {

/* Begin PBXBuildFile section */
		AC5A7AFE2BEB08A200A13991 /* AppDelegate.swift in Sources */ = {isa = PBXBuildFile; fileRef = AC5A7AFD2BEB08A200A13991 /* AppDelegate.swift */; };
		AC5A7B002BEB08A200A13991 /* SceneDelegate.swift in Sources */ = {isa = PBXBuildFile; fileRef = AC5A7AFF2BEB08A200A13991 /* SceneDelegate.swift */; };
		AC5A7B022BEB08A200A13991 /* ViewController.swift in Sources */ = {isa = PBXBuildFile; fileRef = AC5A7B012BEB08A200A13991 /* ViewController.swift */; };
		AC5A7B052BEB08A200A13991 /* Base in Resources */ = {isa = PBXBuildFile; fileRef = AC5A7B042BEB08A200A13991 /* Base */; };
		AC5A7B072BEB08A300A13991 /* Assets.xcassets in Resources */ = {isa = PBXBuildFile; fileRef = AC5A7B062BEB08A300A13991 /* Assets.xcassets */; };
		AC5A7B0A2BEB08A300A13991 /* Base in Resources */ = {isa = PBXBuildFile; fileRef = AC5A7B092BEB08A300A13991 /* Base */; };
		AC5A7B152BEB08A300A13991 /* ConcurrencyTests.swift in Sources */ = {isa = PBXBuildFile; fileRef = AC5A7B142BEB08A300A13991 /* ConcurrencyTests.swift */; };
		AC5A7B1F2BEB08A300A13991 /* ConcurrencyUITests.swift in Sources */ = {isa = PBXBuildFile; fileRef = AC5A7B1E2BEB08A300A13991 /* ConcurrencyUITests.swift */; };
		AC5A7B212BEB08A300A13991 /* ConcurrencyUITestsLaunchTests.swift in Sources */ = {isa = PBXBuildFile; fileRef = AC5A7B202BEB08A300A13991 /* ConcurrencyUITestsLaunchTests.swift */; };
		AC5A7B2E2BEB099600A13991 /* Network.swift in Sources */ = {isa = PBXBuildFile; fileRef = AC5A7B2D2BEB099600A13991 /* Network.swift */; };
/* End PBXBuildFile section */

/* Begin PBXContainerItemProxy section */
		AC5A7B112BEB08A300A13991 /* PBXContainerItemProxy */ = {
			isa = PBXContainerItemProxy;
			containerPortal = AC5A7AF22BEB08A200A13991 /* Project object */;
			proxyType = 1;
			remoteGlobalIDString = AC5A7AF92BEB08A200A13991;
			remoteInfo = Concurrency;
		};
		AC5A7B1B2BEB08A300A13991 /* PBXContainerItemProxy */ = {
			isa = PBXContainerItemProxy;
			containerPortal = AC5A7AF22BEB08A200A13991 /* Project object */;
			proxyType = 1;
			remoteGlobalIDString = AC5A7AF92BEB08A200A13991;
			remoteInfo = Concurrency;
		};
/* End PBXContainerItemProxy section */

/* Begin PBXFileReference section */
		AC5A7AFA2BEB08A200A13991 /* Concurrency.app */ = {isa = PBXFileReference; explicitFileType = wrapper.application; includeInIndex = 0; path = Concurrency.app; sourceTree = BUILT_PRODUCTS_DIR; };
		AC5A7AFD2BEB08A200A13991 /* AppDelegate.swift */ = {isa = PBXFileReference; lastKnownFileType = sourcecode.swift; path = AppDelegate.swift; sourceTree = "<group>"; };
		AC5A7AFF2BEB08A200A13991 /* SceneDelegate.swift */ = {isa = PBXFileReference; lastKnownFileType = sourcecode.swift; path = SceneDelegate.swift; sourceTree = "<group>"; };
		AC5A7B012BEB08A200A13991 /* ViewController.swift */ = {isa = PBXFileReference; lastKnownFileType = sourcecode.swift; path = ViewController.swift; sourceTree = "<group>"; };
		AC5A7B042BEB08A200A13991 /* Base */ = {isa = PBXFileReference; lastKnownFileType = file.storyboard; name = Base; path = Base.lproj/Main.storyboard; sourceTree = "<group>"; };
		AC5A7B062BEB08A300A13991 /* Assets.xcassets */ = {isa = PBXFileReference; lastKnownFileType = folder.assetcatalog; path = Assets.xcassets; sourceTree = "<group>"; };
		AC5A7B092BEB08A300A13991 /* Base */ = {isa = PBXFileReference; lastKnownFileType = file.storyboard; name = Base; path = Base.lproj/LaunchScreen.storyboard; sourceTree = "<group>"; };
		AC5A7B0B2BEB08A300A13991 /* Info.plist */ = {isa = PBXFileReference; lastKnownFileType = text.plist.xml; path = Info.plist; sourceTree = "<group>"; };
		AC5A7B102BEB08A300A13991 /* ConcurrencyTests.xctest */ = {isa = PBXFileReference; explicitFileType = wrapper.cfbundle; includeInIndex = 0; path = ConcurrencyTests.xctest; sourceTree = BUILT_PRODUCTS_DIR; };
		AC5A7B142BEB08A300A13991 /* ConcurrencyTests.swift */ = {isa = PBXFileReference; lastKnownFileType = sourcecode.swift; path = ConcurrencyTests.swift; sourceTree = "<group>"; };
		AC5A7B1A2BEB08A300A13991 /* ConcurrencyUITests.xctest */ = {isa = PBXFileReference; explicitFileType = wrapper.cfbundle; includeInIndex = 0; path = ConcurrencyUITests.xctest; sourceTree = BUILT_PRODUCTS_DIR; };
		AC5A7B1E2BEB08A300A13991 /* ConcurrencyUITests.swift */ = {isa = PBXFileReference; lastKnownFileType = sourcecode.swift; path = ConcurrencyUITests.swift; sourceTree = "<group>"; };
		AC5A7B202BEB08A300A13991 /* ConcurrencyUITestsLaunchTests.swift */ = {isa = PBXFileReference; lastKnownFileType = sourcecode.swift; path = ConcurrencyUITestsLaunchTests.swift; sourceTree = "<group>"; };
		AC5A7B2D2BEB099600A13991 /* Network.swift */ = {isa = PBXFileReference; lastKnownFileType = sourcecode.swift; path = Network.swift; sourceTree = "<group>"; };
/* End PBXFileReference section */

/* Begin PBXFrameworksBuildPhase section */
		AC5A7AF72BEB08A200A13991 /* Frameworks */ = {
			isa = PBXFrameworksBuildPhase;
			buildActionMask = 2147483647;
			files = (
			);
			runOnlyForDeploymentPostprocessing = 0;
		};
		AC5A7B0D2BEB08A300A13991 /* Frameworks */ = {
			isa = PBXFrameworksBuildPhase;
			buildActionMask = 2147483647;
			files = (
			);
			runOnlyForDeploymentPostprocessing = 0;
		};
		AC5A7B172BEB08A300A13991 /* Frameworks */ = {
			isa = PBXFrameworksBuildPhase;
			buildActionMask = 2147483647;
			files = (
			);
			runOnlyForDeploymentPostprocessing = 0;
		};
/* End PBXFrameworksBuildPhase section */

/* Begin PBXGroup section */
		AC5A7AF12BEB08A100A13991 = {
			isa = PBXGroup;
			children = (
				AC5A7AFC2BEB08A200A13991 /* Concurrency */,
				AC5A7B132BEB08A300A13991 /* ConcurrencyTests */,
				AC5A7B1D2BEB08A300A13991 /* ConcurrencyUITests */,
				AC5A7AFB2BEB08A200A13991 /* Products */,
			);
			sourceTree = "<group>";
		};
		AC5A7AFB2BEB08A200A13991 /* Products */ = {
			isa = PBXGroup;
			children = (
				AC5A7AFA2BEB08A200A13991 /* Concurrency.app */,
				AC5A7B102BEB08A300A13991 /* ConcurrencyTests.xctest */,
				AC5A7B1A2BEB08A300A13991 /* ConcurrencyUITests.xctest */,
			);
			name = Products;
			sourceTree = "<group>";
		};
		AC5A7AFC2BEB08A200A13991 /* Concurrency */ = {
			isa = PBXGroup;
			children = (
				AC5A7AFD2BEB08A200A13991 /* AppDelegate.swift */,
				AC5A7AFF2BEB08A200A13991 /* SceneDelegate.swift */,
				AC5A7B012BEB08A200A13991 /* ViewController.swift */,
				AC5A7B2D2BEB099600A13991 /* Network.swift */,
				AC5A7B032BEB08A200A13991 /* Main.storyboard */,
				AC5A7B062BEB08A300A13991 /* Assets.xcassets */,
				AC5A7B082BEB08A300A13991 /* LaunchScreen.storyboard */,
				AC5A7B0B2BEB08A300A13991 /* Info.plist */,
			);
			path = Concurrency;
			sourceTree = "<group>";
		};
		AC5A7B132BEB08A300A13991 /* ConcurrencyTests */ = {
			isa = PBXGroup;
			children = (
				AC5A7B142BEB08A300A13991 /* ConcurrencyTests.swift */,
			);
			path = ConcurrencyTests;
			sourceTree = "<group>";
		};
		AC5A7B1D2BEB08A300A13991 /* ConcurrencyUITests */ = {
			isa = PBXGroup;
			children = (
				AC5A7B1E2BEB08A300A13991 /* ConcurrencyUITests.swift */,
				AC5A7B202BEB08A300A13991 /* ConcurrencyUITestsLaunchTests.swift */,
			);
			path = ConcurrencyUITests;
			sourceTree = "<group>";
		};
/* End PBXGroup section */

/* Begin PBXNativeTarget section */
		AC5A7AF92BEB08A200A13991 /* Concurrency */ = {
			isa = PBXNativeTarget;
			buildConfigurationList = AC5A7B242BEB08A300A13991 /* Build configuration list for PBXNativeTarget "Concurrency" */;
			buildPhases = (
				AC5A7AF62BEB08A200A13991 /* Sources */,
				AC5A7AF72BEB08A200A13991 /* Frameworks */,
				AC5A7AF82BEB08A200A13991 /* Resources */,
			);
			buildRules = (
			);
			dependencies = (
			);
			name = Concurrency;
			productName = Concurrency;
			productReference = AC5A7AFA2BEB08A200A13991 /* Concurrency.app */;
			productType = "com.apple.product-type.application";
		};
		AC5A7B0F2BEB08A300A13991 /* ConcurrencyTests */ = {
			isa = PBXNativeTarget;
			buildConfigurationList = AC5A7B272BEB08A300A13991 /* Build configuration list for PBXNativeTarget "ConcurrencyTests" */;
			buildPhases = (
				AC5A7B0C2BEB08A300A13991 /* Sources */,
				AC5A7B0D2BEB08A300A13991 /* Frameworks */,
				AC5A7B0E2BEB08A300A13991 /* Resources */,
			);
			buildRules = (
			);
			dependencies = (
				AC5A7B122BEB08A300A13991 /* PBXTargetDependency */,
			);
			name = ConcurrencyTests;
			productName = ConcurrencyTests;
			productReference = AC5A7B102BEB08A300A13991 /* ConcurrencyTests.xctest */;
			productType = "com.apple.product-type.bundle.unit-test";
		};
		AC5A7B192BEB08A300A13991 /* ConcurrencyUITests */ = {
			isa = PBXNativeTarget;
			buildConfigurationList = AC5A7B2A2BEB08A300A13991 /* Build configuration list for PBXNativeTarget "ConcurrencyUITests" */;
			buildPhases = (
				AC5A7B162BEB08A300A13991 /* Sources */,
				AC5A7B172BEB08A300A13991 /* Frameworks */,
				AC5A7B182BEB08A300A13991 /* Resources */,
			);
			buildRules = (
			);
			dependencies = (
				AC5A7B1C2BEB08A300A13991 /* PBXTargetDependency */,
			);
			name = ConcurrencyUITests;
			productName = ConcurrencyUITests;
			productReference = AC5A7B1A2BEB08A300A13991 /* ConcurrencyUITests.xctest */;
			productType = "com.apple.product-type.bundle.ui-testing";
		};
/* End PBXNativeTarget section */

/* Begin PBXProject section */
		AC5A7AF22BEB08A200A13991 /* Project object */ = {
			isa = PBXProject;
			attributes = {
				BuildIndependentTargetsInParallel = 1;
				LastSwiftUpdateCheck = 1530;
				LastUpgradeCheck = 1530;
				TargetAttributes = {
					AC5A7AF92BEB08A200A13991 = {
						CreatedOnToolsVersion = 15.3;
					};
					AC5A7B0F2BEB08A300A13991 = {
						CreatedOnToolsVersion = 15.3;
						TestTargetID = AC5A7AF92BEB08A200A13991;
					};
					AC5A7B192BEB08A300A13991 = {
						CreatedOnToolsVersion = 15.3;
						TestTargetID = AC5A7AF92BEB08A200A13991;
					};
				};
			};
			buildConfigurationList = AC5A7AF52BEB08A200A13991 /* Build configuration list for PBXProject "Concurrency" */;
			compatibilityVersion = "Xcode 14.0";
			developmentRegion = en;
			hasScannedForEncodings = 0;
			knownRegions = (
				en,
				Base,
			);
			mainGroup = AC5A7AF12BEB08A100A13991;
			productRefGroup = AC5A7AFB2BEB08A200A13991 /* Products */;
			projectDirPath = "";
			projectRoot = "";
			targets = (
				AC5A7AF92BEB08A200A13991 /* Concurrency */,
				AC5A7B0F2BEB08A300A13991 /* ConcurrencyTests */,
				AC5A7B192BEB08A300A13991 /* ConcurrencyUITests */,
			);
		};
/* End PBXProject section */

/* Begin PBXResourcesBuildPhase section */
		AC5A7AF82BEB08A200A13991 /* Resources */ = {
			isa = PBXResourcesBuildPhase;
			buildActionMask = 2147483647;
			files = (
				AC5A7B072BEB08A300A13991 /* Assets.xcassets in Resources */,
				AC5A7B0A2BEB08A300A13991 /* Base in Resources */,
				AC5A7B052BEB08A200A13991 /* Base in Resources */,
			);
			runOnlyForDeploymentPostprocessing = 0;
		};
		AC5A7B0E2BEB08A300A13991 /* Resources */ = {
			isa = PBXResourcesBuildPhase;
			buildActionMask = 2147483647;
			files = (
			);
			runOnlyForDeploymentPostprocessing = 0;
		};
		AC5A7B182BEB08A300A13991 /* Resources */ = {
			isa = PBXResourcesBuildPhase;
			buildActionMask = 2147483647;
			files = (
			);
			runOnlyForDeploymentPostprocessing = 0;
		};
/* End PBXResourcesBuildPhase section */

/* Begin PBXSourcesBuildPhase section */
		AC5A7AF62BEB08A200A13991 /* Sources */ = {
			isa = PBXSourcesBuildPhase;
			buildActionMask = 2147483647;
			files = (
				AC5A7B022BEB08A200A13991 /* ViewController.swift in Sources */,
				AC5A7AFE2BEB08A200A13991 /* AppDelegate.swift in Sources */,
				AC5A7B2E2BEB099600A13991 /* Network.swift in Sources */,
				AC5A7B002BEB08A200A13991 /* SceneDelegate.swift in Sources */,
			);
			runOnlyForDeploymentPostprocessing = 0;
		};
		AC5A7B0C2BEB08A300A13991 /* Sources */ = {
			isa = PBXSourcesBuildPhase;
			buildActionMask = 2147483647;
			files = (
				AC5A7B152BEB08A300A13991 /* ConcurrencyTests.swift in Sources */,
			);
			runOnlyForDeploymentPostprocessing = 0;
		};
		AC5A7B162BEB08A300A13991 /* Sources */ = {
			isa = PBXSourcesBuildPhase;
			buildActionMask = 2147483647;
			files = (
				AC5A7B212BEB08A300A13991 /* ConcurrencyUITestsLaunchTests.swift in Sources */,
				AC5A7B1F2BEB08A300A13991 /* ConcurrencyUITests.swift in Sources */,
			);
			runOnlyForDeploymentPostprocessing = 0;
		};
/* End PBXSourcesBuildPhase section */

/* Begin PBXTargetDependency section */
		AC5A7B122BEB08A300A13991 /* PBXTargetDependency */ = {
			isa = PBXTargetDependency;
			target = AC5A7AF92BEB08A200A13991 /* Concurrency */;
			targetProxy = AC5A7B112BEB08A300A13991 /* PBXContainerItemProxy */;
		};
		AC5A7B1C2BEB08A300A13991 /* PBXTargetDependency */ = {
			isa = PBXTargetDependency;
			target = AC5A7AF92BEB08A200A13991 /* Concurrency */;
			targetProxy = AC5A7B1B2BEB08A300A13991 /* PBXContainerItemProxy */;
		};
/* End PBXTargetDependency section */

/* Begin PBXVariantGroup section */
		AC5A7B032BEB08A200A13991 /* Main.storyboard */ = {
			isa = PBXVariantGroup;
			children = (
				AC5A7B042BEB08A200A13991 /* Base */,
			);
			name = Main.storyboard;
			sourceTree = "<group>";
		};
		AC5A7B082BEB08A300A13991 /* LaunchScreen.storyboard */ = {
			isa = PBXVariantGroup;
			children = (
				AC5A7B092BEB08A300A13991 /* Base */,
			);
			name = LaunchScreen.storyboard;
			sourceTree = "<group>";
		};
/* End PBXVariantGroup section */

/* Begin XCBuildConfiguration section */
		AC5A7B222BEB08A300A13991 /* Debug */ = {
			isa = XCBuildConfiguration;
			buildSettings = {
				ALWAYS_SEARCH_USER_PATHS = NO;
				ASSETCATALOG_COMPILER_GENERATE_SWIFT_ASSET_SYMBOL_EXTENSIONS = YES;
				CLANG_ANALYZER_NONNULL = YES;
				CLANG_ANALYZER_NUMBER_OBJECT_CONVERSION = YES_AGGRESSIVE;
				CLANG_CXX_LANGUAGE_STANDARD = "gnu++20";
				CLANG_ENABLE_MODULES = YES;
				CLANG_ENABLE_OBJC_ARC = YES;
				CLANG_ENABLE_OBJC_WEAK = YES;
				CLANG_WARN_BLOCK_CAPTURE_AUTORELEASING = YES;
				CLANG_WARN_BOOL_CONVERSION = YES;
				CLANG_WARN_COMMA = YES;
				CLANG_WARN_CONSTANT_CONVERSION = YES;
				CLANG_WARN_DEPRECATED_OBJC_IMPLEMENTATIONS = YES;
				CLANG_WARN_DIRECT_OBJC_ISA_USAGE = YES_ERROR;
				CLANG_WARN_DOCUMENTATION_COMMENTS = YES;
				CLANG_WARN_EMPTY_BODY = YES;
				CLANG_WARN_ENUM_CONVERSION = YES;
				CLANG_WARN_INFINITE_RECURSION = YES;
				CLANG_WARN_INT_CONVERSION = YES;
				CLANG_WARN_NON_LITERAL_NULL_CONVERSION = YES;
				CLANG_WARN_OBJC_IMPLICIT_RETAIN_SELF = YES;
				CLANG_WARN_OBJC_LITERAL_CONVERSION = YES;
				CLANG_WARN_OBJC_ROOT_CLASS = YES_ERROR;
				CLANG_WARN_QUOTED_INCLUDE_IN_FRAMEWORK_HEADER = YES;
				CLANG_WARN_RANGE_LOOP_ANALYSIS = YES;
				CLANG_WARN_STRICT_PROTOTYPES = YES;
				CLANG_WARN_SUSPICIOUS_MOVE = YES;
				CLANG_WARN_UNGUARDED_AVAILABILITY = YES_AGGRESSIVE;
				CLANG_WARN_UNREACHABLE_CODE = YES;
				CLANG_WARN__DUPLICATE_METHOD_MATCH = YES;
				COPY_PHASE_STRIP = NO;
				DEBUG_INFORMATION_FORMAT = dwarf;
				ENABLE_STRICT_OBJC_MSGSEND = YES;
				ENABLE_TESTABILITY = YES;
				ENABLE_USER_SCRIPT_SANDBOXING = YES;
				GCC_C_LANGUAGE_STANDARD = gnu17;
				GCC_DYNAMIC_NO_PIC = NO;
				GCC_NO_COMMON_BLOCKS = YES;
				GCC_OPTIMIZATION_LEVEL = 0;
				GCC_PREPROCESSOR_DEFINITIONS = (
					"DEBUG=1",
					"$(inherited)",
				);
				GCC_WARN_64_TO_32_BIT_CONVERSION = YES;
				GCC_WARN_ABOUT_RETURN_TYPE = YES_ERROR;
				GCC_WARN_UNDECLARED_SELECTOR = YES;
				GCC_WARN_UNINITIALIZED_AUTOS = YES_AGGRESSIVE;
				GCC_WARN_UNUSED_FUNCTION = YES;
				GCC_WARN_UNUSED_VARIABLE = YES;
				IPHONEOS_DEPLOYMENT_TARGET = 17.4;
				LOCALIZATION_PREFERS_STRING_CATALOGS = YES;
				MTL_ENABLE_DEBUG_INFO = INCLUDE_SOURCE;
				MTL_FAST_MATH = YES;
				ONLY_ACTIVE_ARCH = YES;
				SDKROOT = iphoneos;
				SWIFT_ACTIVE_COMPILATION_CONDITIONS = "DEBUG $(inherited)";
				SWIFT_OPTIMIZATION_LEVEL = "-Onone";
			};
			name = Debug;
		};
		AC5A7B232BEB08A300A13991 /* Release */ = {
			isa = XCBuildConfiguration;
			buildSettings = {
				ALWAYS_SEARCH_USER_PATHS = NO;
				ASSETCATALOG_COMPILER_GENERATE_SWIFT_ASSET_SYMBOL_EXTENSIONS = YES;
				CLANG_ANALYZER_NONNULL = YES;
				CLANG_ANALYZER_NUMBER_OBJECT_CONVERSION = YES_AGGRESSIVE;
				CLANG_CXX_LANGUAGE_STANDARD = "gnu++20";
				CLANG_ENABLE_MODULES = YES;
				CLANG_ENABLE_OBJC_ARC = YES;
				CLANG_ENABLE_OBJC_WEAK = YES;
				CLANG_WARN_BLOCK_CAPTURE_AUTORELEASING = YES;
				CLANG_WARN_BOOL_CONVERSION = YES;
				CLANG_WARN_COMMA = YES;
				CLANG_WARN_CONSTANT_CONVERSION = YES;
				CLANG_WARN_DEPRECATED_OBJC_IMPLEMENTATIONS = YES;
				CLANG_WARN_DIRECT_OBJC_ISA_USAGE = YES_ERROR;
				CLANG_WARN_DOCUMENTATION_COMMENTS = YES;
				CLANG_WARN_EMPTY_BODY = YES;
				CLANG_WARN_ENUM_CONVERSION = YES;
				CLANG_WARN_INFINITE_RECURSION = YES;
				CLANG_WARN_INT_CONVERSION = YES;
				CLANG_WARN_NON_LITERAL_NULL_CONVERSION = YES;
				CLANG_WARN_OBJC_IMPLICIT_RETAIN_SELF = YES;
				CLANG_WARN_OBJC_LITERAL_CONVERSION = YES;
				CLANG_WARN_OBJC_ROOT_CLASS = YES_ERROR;
				CLANG_WARN_QUOTED_INCLUDE_IN_FRAMEWORK_HEADER = YES;
				CLANG_WARN_RANGE_LOOP_ANALYSIS = YES;
				CLANG_WARN_STRICT_PROTOTYPES = YES;
				CLANG_WARN_SUSPICIOUS_MOVE = YES;
				CLANG_WARN_UNGUARDED_AVAILABILITY = YES_AGGRESSIVE;
				CLANG_WARN_UNREACHABLE_CODE = YES;
				CLANG_WARN__DUPLICATE_METHOD_MATCH = YES;
				COPY_PHASE_STRIP = NO;
				DEBUG_INFORMATION_FORMAT = "dwarf-with-dsym";
				ENABLE_NS_ASSERTIONS = NO;
				ENABLE_STRICT_OBJC_MSGSEND = YES;
				ENABLE_USER_SCRIPT_SANDBOXING = YES;
				GCC_C_LANGUAGE_STANDARD = gnu17;
				GCC_NO_COMMON_BLOCKS = YES;
				GCC_WARN_64_TO_32_BIT_CONVERSION = YES;
				GCC_WARN_ABOUT_RETURN_TYPE = YES_ERROR;
				GCC_WARN_UNDECLARED_SELECTOR = YES;
				GCC_WARN_UNINITIALIZED_AUTOS = YES_AGGRESSIVE;
				GCC_WARN_UNUSED_FUNCTION = YES;
				GCC_WARN_UNUSED_VARIABLE = YES;
				IPHONEOS_DEPLOYMENT_TARGET = 17.4;
				LOCALIZATION_PREFERS_STRING_CATALOGS = YES;
				MTL_ENABLE_DEBUG_INFO = NO;
				MTL_FAST_MATH = YES;
				SDKROOT = iphoneos;
				SWIFT_COMPILATION_MODE = wholemodule;
				VALIDATE_PRODUCT = YES;
			};
			name = Release;
		};
		AC5A7B252BEB08A300A13991 /* Debug */ = {
			isa = XCBuildConfiguration;
			buildSettings = {
				ASSETCATALOG_COMPILER_APPICON_NAME = AppIcon;
				ASSETCATALOG_COMPILER_GLOBAL_ACCENT_COLOR_NAME = AccentColor;
				CODE_SIGN_STYLE = Automatic;
				CURRENT_PROJECT_VERSION = 1;
				DEVELOPMENT_TEAM = 92Y6UC7Q5M;
				GENERATE_INFOPLIST_FILE = YES;
				INFOPLIST_FILE = Concurrency/Info.plist;
				INFOPLIST_KEY_UIApplicationSupportsIndirectInputEvents = YES;
				INFOPLIST_KEY_UILaunchStoryboardName = LaunchScreen;
				INFOPLIST_KEY_UIMainStoryboardFile = Main;
				INFOPLIST_KEY_UISupportedInterfaceOrientations_iPad = "UIInterfaceOrientationPortrait UIInterfaceOrientationPortraitUpsideDown UIInterfaceOrientationLandscapeLeft UIInterfaceOrientationLandscapeRight";
				INFOPLIST_KEY_UISupportedInterfaceOrientations_iPhone = "UIInterfaceOrientationPortrait UIInterfaceOrientationLandscapeLeft UIInterfaceOrientationLandscapeRight";
				LD_RUNPATH_SEARCH_PATHS = (
					"$(inherited)",
					"@executable_path/Frameworks",
				);
				MARKETING_VERSION = 1.0;
				PRODUCT_BUNDLE_IDENTIFIER = com.donotinto.Concurrency;
				PRODUCT_NAME = "$(TARGET_NAME)";
				SWIFT_EMIT_LOC_STRINGS = YES;
				SWIFT_VERSION = 5.0;
				TARGETED_DEVICE_FAMILY = "1,2";
			};
			name = Debug;
		};
		AC5A7B262BEB08A300A13991 /* Release */ = {
			isa = XCBuildConfiguration;
			buildSettings = {
				ASSETCATALOG_COMPILER_APPICON_NAME = AppIcon;
				ASSETCATALOG_COMPILER_GLOBAL_ACCENT_COLOR_NAME = AccentColor;
				CODE_SIGN_STYLE = Automatic;
				CURRENT_PROJECT_VERSION = 1;
				DEVELOPMENT_TEAM = 92Y6UC7Q5M;
				GENERATE_INFOPLIST_FILE = YES;
				INFOPLIST_FILE = Concurrency/Info.plist;
				INFOPLIST_KEY_UIApplicationSupportsIndirectInputEvents = YES;
				INFOPLIST_KEY_UILaunchStoryboardName = LaunchScreen;
				INFOPLIST_KEY_UIMainStoryboardFile = Main;
				INFOPLIST_KEY_UISupportedInterfaceOrientations_iPad = "UIInterfaceOrientationPortrait UIInterfaceOrientationPortraitUpsideDown UIInterfaceOrientationLandscapeLeft UIInterfaceOrientationLandscapeRight";
				INFOPLIST_KEY_UISupportedInterfaceOrientations_iPhone = "UIInterfaceOrientationPortrait UIInterfaceOrientationLandscapeLeft UIInterfaceOrientationLandscapeRight";
				LD_RUNPATH_SEARCH_PATHS = (
					"$(inherited)",
					"@executable_path/Frameworks",
				);
				MARKETING_VERSION = 1.0;
				PRODUCT_BUNDLE_IDENTIFIER = com.donotinto.Concurrency;
				PRODUCT_NAME = "$(TARGET_NAME)";
				SWIFT_EMIT_LOC_STRINGS = YES;
				SWIFT_VERSION = 5.0;
				TARGETED_DEVICE_FAMILY = "1,2";
			};
			name = Release;
		};
		AC5A7B282BEB08A300A13991 /* Debug */ = {
			isa = XCBuildConfiguration;
			buildSettings = {
				ALWAYS_EMBED_SWIFT_STANDARD_LIBRARIES = YES;
				BUNDLE_LOADER = "$(TEST_HOST)";
				CODE_SIGN_STYLE = Automatic;
				CURRENT_PROJECT_VERSION = 1;
				DEVELOPMENT_TEAM = 92Y6UC7Q5M;
				GENERATE_INFOPLIST_FILE = YES;
				IPHONEOS_DEPLOYMENT_TARGET = 17.4;
				MARKETING_VERSION = 1.0;
				PRODUCT_BUNDLE_IDENTIFIER = com.donotinto.ConcurrencyTests;
				PRODUCT_NAME = "$(TARGET_NAME)";
				SWIFT_EMIT_LOC_STRINGS = NO;
				SWIFT_VERSION = 5.0;
				TARGETED_DEVICE_FAMILY = "1,2";
				TEST_HOST = "$(BUILT_PRODUCTS_DIR)/Concurrency.app/$(BUNDLE_EXECUTABLE_FOLDER_PATH)/Concurrency";
			};
			name = Debug;
		};
		AC5A7B292BEB08A300A13991 /* Release */ = {
			isa = XCBuildConfiguration;
			buildSettings = {
				ALWAYS_EMBED_SWIFT_STANDARD_LIBRARIES = YES;
				BUNDLE_LOADER = "$(TEST_HOST)";
				CODE_SIGN_STYLE = Automatic;
				CURRENT_PROJECT_VERSION = 1;
				DEVELOPMENT_TEAM = 92Y6UC7Q5M;
				GENERATE_INFOPLIST_FILE = YES;
				IPHONEOS_DEPLOYMENT_TARGET = 17.4;
				MARKETING_VERSION = 1.0;
				PRODUCT_BUNDLE_IDENTIFIER = com.donotinto.ConcurrencyTests;
				PRODUCT_NAME = "$(TARGET_NAME)";
				SWIFT_EMIT_LOC_STRINGS = NO;
				SWIFT_VERSION = 5.0;
				TARGETED_DEVICE_FAMILY = "1,2";
				TEST_HOST = "$(BUILT_PRODUCTS_DIR)/Concurrency.app/$(BUNDLE_EXECUTABLE_FOLDER_PATH)/Concurrency";
			};
			name = Release;
		};
		AC5A7B2B2BEB08A300A13991 /* Debug */ = {
			isa = XCBuildConfiguration;
			buildSettings = {
				ALWAYS_EMBED_SWIFT_STANDARD_LIBRARIES = YES;
				CODE_SIGN_STYLE = Automatic;
				CURRENT_PROJECT_VERSION = 1;
				DEVELOPMENT_TEAM = 92Y6UC7Q5M;
				GENERATE_INFOPLIST_FILE = YES;
				MARKETING_VERSION = 1.0;
				PRODUCT_BUNDLE_IDENTIFIER = com.donotinto.ConcurrencyUITests;
				PRODUCT_NAME = "$(TARGET_NAME)";
				SWIFT_EMIT_LOC_STRINGS = NO;
				SWIFT_VERSION = 5.0;
				TARGETED_DEVICE_FAMILY = "1,2";
				TEST_TARGET_NAME = Concurrency;
			};
			name = Debug;
		};
		AC5A7B2C2BEB08A300A13991 /* Release */ = {
			isa = XCBuildConfiguration;
			buildSettings = {
				ALWAYS_EMBED_SWIFT_STANDARD_LIBRARIES = YES;
				CODE_SIGN_STYLE = Automatic;
				CURRENT_PROJECT_VERSION = 1;
				DEVELOPMENT_TEAM = 92Y6UC7Q5M;
				GENERATE_INFOPLIST_FILE = YES;
				MARKETING_VERSION = 1.0;
				PRODUCT_BUNDLE_IDENTIFIER = com.donotinto.ConcurrencyUITests;
				PRODUCT_NAME = "$(TARGET_NAME)";
				SWIFT_EMIT_LOC_STRINGS = NO;
				SWIFT_VERSION = 5.0;
				TARGETED_DEVICE_FAMILY = "1,2";
				TEST_TARGET_NAME = Concurrency;
			};
			name = Release;
		};
/* End XCBuildConfiguration section */

/* Begin XCConfigurationList section */
		AC5A7AF52BEB08A200A13991 /* Build configuration list for PBXProject "Concurrency" */ = {
			isa = XCConfigurationList;
			buildConfigurations = (
				AC5A7B222BEB08A300A13991 /* Debug */,
				AC5A7B232BEB08A300A13991 /* Release */,
			);
			defaultConfigurationIsVisible = 0;
			defaultConfigurationName = Release;
		};
		AC5A7B242BEB08A300A13991 /* Build configuration list for PBXNativeTarget "Concurrency" */ = {
			isa = XCConfigurationList;
			buildConfigurations = (
				AC5A7B252BEB08A300A13991 /* Debug */,
				AC5A7B262BEB08A300A13991 /* Release */,
			);
			defaultConfigurationIsVisible = 0;
			defaultConfigurationName = Release;
		};
		AC5A7B272BEB08A300A13991 /* Build configuration list for PBXNativeTarget "ConcurrencyTests" */ = {
			isa = XCConfigurationList;
			buildConfigurations = (
				AC5A7B282BEB08A300A13991 /* Debug */,
				AC5A7B292BEB08A300A13991 /* Release */,
			);
			defaultConfigurationIsVisible = 0;
			defaultConfigurationName = Release;
		};
		AC5A7B2A2BEB08A300A13991 /* Build configuration list for PBXNativeTarget "ConcurrencyUITests" */ = {
			isa = XCConfigurationList;
			buildConfigurations = (
				AC5A7B2B2BEB08A300A13991 /* Debug */,
				AC5A7B2C2BEB08A300A13991 /* Release */,
			);
			defaultConfigurationIsVisible = 0;
			defaultConfigurationName = Release;
		};
/* End XCConfigurationList section */
	};
	rootObject = AC5A7AF22BEB08A200A13991 /* Project object */;
}
